{
  "nodes": {
    "nixpkgs": {
      "locked": {
        "lastModified": 1775423009,
        "narHash": "sha256-vPKLpjhIVWdDrfiUM8atW6YkIggCEKdSAlJPzzhkQlw=",
        "owner": "NixOS",
        "repo": "nixpkgs",
        "rev": "68d8aa3d661f0e6bd5862291b5bb263b2a6595c9",
        "type": "github"
      },
      "original": {
        "id": "nixpkgs",
        "ref": "nixos-unstable",
        "type": "indirect"
      }
    },
    "nixpkgs_2": {
      "locked": {
        "lastModified": 1775423009,
        "narHash": "sha256-vPKLpjhIVWdDrfiUM8atW6YkIggCEKdSAlJPzzhkQlw=",
        "owner": "NixOS",
        "repo": "nixpkgs",
        "rev": "68d8aa3d661f0e6bd5862291b5bb263b2a6595c9",
        "type": "github"
      },
      "original": {
        "id": "nixpkgs",
        "ref": "nixos-unstable",
        "type": "indirect"
      }
    },
    "opQixCommunity": {
      "inputs": {
        "nixpkgs": [
          "nixpkgs"
        ]
      },
      "locked": {
        "path": "../../../",
        "type": "path"
      },
      "original": {
        "path": "../../../",
        "type": "path"
      },
      "parent": []
    },
    "qixCore": {
      "inputs": {
        "nixpkgs": "nixpkgs_2"
      },
      "locked": {
        "lastModified": 1786040383,
        "narHash": "sha256-Ajy43qwuzfoyB6vaSpwg2KTJ9Ie5H9kBiDQ9AD5yWDo=",
        "ref": "remove-hm-privilege",
        "rev": "8677cc3bf8c0b2222a4ef906ae64cce98f49fe94",
        "revCount": 5,
        "type": "git",
        "url": "https://github.com/originalposter/qixos"
      },
      "original": {
        "ref": "remove-hm-privilege",
        "type": "git",
        "url": "https://github.com/originalposter/qixos"
      }
    },
    "root": {
      "inputs": {
        "nixpkgs": "nixpkgs",
        "opQixCommunity": "opQixCommunity",
        "qixCore": "qixCore"
      }
    }
  },
  "root": "root",
  "version": 7
}
