{
  "nodes": {
    "home-manager": {
      "inputs": {
        "nixpkgs": [
          "nixpkgs"
        ]
      },
      "locked": {
        "lastModified": 1783024095,
        "narHash": "sha256-oE+TNK98Pl7nHW4VU1oBvUKD5JR45U+py/NJmLoTNHI=",
        "owner": "nix-community",
        "repo": "home-manager",
        "rev": "a4d410db95a6416d1008049330bd86b85b5db45a",
        "type": "github"
      },
      "original": {
        "owner": "nix-community",
        "repo": "home-manager",
        "type": "github"
      }
    },
    "nixpkgs": {
      "locked": {
        "lastModified": 1782723713,
        "narHash": "sha256-T6OhkwGyyGHer1lr4GkbOp//7ii23xLE7HuMmjrdkXI=",
        "rev": "b5aa0fbd538984f6e3d201be0005b4463d8b09f8",
        "type": "tarball",
        "url": "https://releases.nixos.org/nixos/unstable/nixos-26.11pre1024265.b5aa0fbd5389/nixexprs.tar.xz"
      },
      "original": {
        "id": "nixpkgs",
        "ref": "nixos-unstable",
        "type": "indirect"
      }
    },
    "nixpkgs_2": {
      "locked": {
        "lastModified": 1780243769,
        "narHash": "sha256-x5UQuRsH3MqI0U9afaXSNqzTPSeZlRLvFAav2Ux1pNw=",
        "owner": "NixOS",
        "repo": "nixpkgs",
        "rev": "331800de5053fcebacf6813adb5db9c9dca22a0c",
        "type": "github"
      },
      "original": {
        "id": "nixpkgs",
        "ref": "nixos-unstable",
        "type": "indirect"
      }
    },
    "nixpkgs_3": {
      "locked": {
        "lastModified": 1775423009,
        "narHash": "sha256-vPKLpjhIVWdDrfiUM8atW6YkIggCEKdSAlJPzzhkQlw=",
        "owner": "NixOS",
        "repo": "nixpkgs",
        "rev": "68d8aa3d661f0e6bd5862291b5bb263b2a6595c9",
        "type": "github"
      },
      "original": {
        "id": "nixpkgs",
        "ref": "nixos-unstable",
        "type": "indirect"
      }
    },
    "opQixCommunity": {
      "inputs": {
        "nixpkgs": "nixpkgs_2"
      },
      "locked": {
        "path": "../../../",
        "type": "path"
      },
      "original": {
        "path": "../../../",
        "type": "path"
      },
      "parent": []
    },
    "qixCore": {
      "inputs": {
        "nixpkgs": "nixpkgs_3"
      },
      "locked": {
        "lastModified": 1783072207,
        "narHash": "sha256-X6zE9b9hykwrMCPuuBjnyiH8Qt1tYgLyvgIhtLRcMkM=",
        "ref": "master",
        "rev": "5eab42f818ae8ecbdd8a33ece452fc0e5364f419",
        "revCount": 10,
        "type": "git",
        "url": "https://codeberg.org/originalposter/qixos"
      },
      "original": {
        "ref": "master",
        "type": "git",
        "url": "https://codeberg.org/originalposter/qixos"
      }
    },
    "root": {
      "inputs": {
        "home-manager": "home-manager",
        "nixpkgs": "nixpkgs",
        "opQixCommunity": "opQixCommunity",
        "qixCore": "qixCore"
      }
    }
  },
  "root": "root",
  "version": 7
}
