{
  "nodes": {
    "nixpkgs": {
      "locked": {
        "lastModified": 1788316716,
        "narHash": "sha256-7VBL4mi5M72FJtZOQt7SbCGWpGbsuH1ga6Zeu8bjtWk=",
        "rev": "3ed67ec0a4d3c7ab4ae1f04f8ee8df07bfa506a2",
        "type": "tarball",
        "url": "https://releases.nixos.org/nixos/unstable/nixos-26.11pre1066106.3ed67ec0a4d3/nixexprs.tar.xz"
      },
      "original": {
        "id": "nixpkgs",
        "ref": "nixos-unstable",
        "type": "indirect"
      }
    },
    "nixpkgs_2": {
      "locked": {
        "lastModified": 1780243769,
        "narHash": "sha256-x5UQuRsH3MqI0U9afaXSNqzTPSeZlRLvFAav2Ux1pNw=",
        "owner": "NixOS",
        "repo": "nixpkgs",
        "rev": "331800de5053fcebacf6813adb5db9c9dca22a0c",
        "type": "github"
      },
      "original": {
        "id": "nixpkgs",
        "ref": "nixos-unstable",
        "type": "indirect"
      }
    },
    "nixpkgs_3": {
      "locked": {
        "lastModified": 1788316716,
        "narHash": "sha256-7VBL4mi5M72FJtZOQt7SbCGWpGbsuH1ga6Zeu8bjtWk=",
        "rev": "3ed67ec0a4d3c7ab4ae1f04f8ee8df07bfa506a2",
        "type": "tarball",
        "url": "https://releases.nixos.org/nixos/unstable/nixos-26.11pre1066106.3ed67ec0a4d3/nixexprs.tar.xz"
      },
      "original": {
        "id": "nixpkgs",
        "ref": "nixos-unstable",
        "type": "indirect"
      }
    },
    "opQixCommunity": {
      "inputs": {
        "nixpkgs": "nixpkgs_2"
      },
      "locked": {
        "path": "../../../",
        "type": "path"
      },
      "original": {
        "path": "../../../",
        "type": "path"
      },
      "parent": []
    },
    "qixCore": {
      "inputs": {
        "nixpkgs": "nixpkgs_3"
      },
      "locked": {
        "lastModified": 1788457265,
        "narHash": "sha256-tKEu3+NgKisQWAL6B9+UjdahWoveD7fZNXQz51ZaN2k=",
        "ref": "unstable",
        "rev": "961dcea1d13f78c750808d376b62e6cfbd5c9f10",
        "revCount": 52,
        "type": "git",
        "url": "https://github.com/originalposter/qixos"
      },
      "original": {
        "ref": "unstable",
        "type": "git",
        "url": "https://github.com/originalposter/qixos"
      }
    },
    "root": {
      "inputs": {
        "nixpkgs": "nixpkgs",
        "opQixCommunity": "opQixCommunity",
        "qixCore": "qixCore"
      }
    }
  },
  "root": "root",
  "version": 7
}
